
Microsoft Visual Studio Solution File, Format Version 12.00
# Visual Studio Express 2012 for Windows Desktop
Project("{8BC9CEB8-8B4A-11D0-8D11-00A0C91BC942}") = "20181002_치킨", "20181002_치킨\20181002_치킨.vcxproj", "{F7EE649F-EA3F-4935-B70C-AB25154786B2}"
EndProject
Project("{8BC9CEB8-8B4A-11D0-8D11-00A0C91BC942}") = "20181002_파스타", "20181002_파스타\20181002_파스타.vcxproj", "{65033921-DD1E-40C4-94F5-C8A87A6F3DD6}"
EndProject
Project("{8BC9CEB8-8B4A-11D0-8D11-00A0C91BC942}") = "ex1-1", "ex1-1\ex1-1.vcxproj", "{8E2D43E9-191A-4915-84D4-D511A8586BA7}"
EndProject
Project("{8BC9CEB8-8B4A-11D0-8D11-00A0C91BC942}") = "ex1-2", "ex1-2\ex1-2.vcxproj", "{B4187DB4-2AA7-4283-8D95-82CF98D371BE}"
EndProject
Project("{8BC9CEB8-8B4A-11D0-8D11-00A0C91BC942}") = "ex1-3", "ex1-3\ex1-3.vcxproj", "{DFDB0440-A089-405E-8203-BE6E21D88571}"
EndProject
Project("{8BC9CEB8-8B4A-11D0-8D11-00A0C91BC942}") = "ex1-4", "ex1-4\ex1-4.vcxproj", "{696A7650-F891-4B0D-94E3-E277C278294B}"
EndProject
Project("{8BC9CEB8-8B4A-11D0-8D11-00A0C91BC942}") = "ex1-5", "ex1-5\ex1-5.vcxproj", "{214BE949-B944-4523-AF27-837343EADC0B}"
EndProject
Project("{8BC9CEB8-8B4A-11D0-8D11-00A0C91BC942}") = "ex1-6", "ex1-6\ex1-6.vcxproj", "{D03C5A94-EC5D-4883-ACBD-DA13D0885402}"
EndProject
Project("{8BC9CEB8-8B4A-11D0-8D11-00A0C91BC942}") = "20181016_탕수육", "20181016_탕수육\20181016_탕수육.vcxproj", "{B3725047-F86F-450A-BA3A-19CC43933F4B}"
EndProject
Project("{8BC9CEB8-8B4A-11D0-8D11-00A0C91BC942}") = "ex2-1", "ex2-1\ex2-1.vcxproj", "{E5F7A325-F1FA-4D2C-8C71-2C8B51673C2C}"
EndProject
Project("{8BC9CEB8-8B4A-11D0-8D11-00A0C91BC942}") = "ex2-2", "ex2-2\ex2-2.vcxproj", "{D986FAF8-42F5-4C1F-8F7B-BCE2F3AAC5F1}"
EndProject
Project("{8BC9CEB8-8B4A-11D0-8D11-00A0C91BC942}") = "ex2-3", "ex2-3\ex2-3.vcxproj", "{33225674-98F6-4B17-AD16-7AD4529FB449}"
EndProject
Project("{8BC9CEB8-8B4A-11D0-8D11-00A0C91BC942}") = "ex2-4", "ex2-4\ex2-4.vcxproj", "{5B304656-7875-4BF3-9D34-542BE6D27D0E}"
EndProject
Project("{8BC9CEB8-8B4A-11D0-8D11-00A0C91BC942}") = "ex2-5", "ex2-5\ex2-5.vcxproj", "{4E566AA8-69F2-4EFC-ABBE-E6532C2817CE}"
EndProject
Project("{8BC9CEB8-8B4A-11D0-8D11-00A0C91BC942}") = "ex2-6", "ex2-6\ex2-6.vcxproj", "{DE5AF388-0B8D-46E5-BBA7-B74B7CD32729}"
EndProject
Project("{8BC9CEB8-8B4A-11D0-8D11-00A0C91BC942}") = "ex2-7", "ex2-7\ex2-7.vcxproj", "{C5A62330-3F66-4112-828E-4F54195F9F66}"
EndProject
Project("{8BC9CEB8-8B4A-11D0-8D11-00A0C91BC942}") = "ex2-8", "ex2-8\ex2-8.vcxproj", "{2C23DB64-E158-4BEB-8865-D05426F2FC2E}"
EndProject
Project("{8BC9CEB8-8B4A-11D0-8D11-00A0C91BC942}") = "ex2-9", "ex2-9\ex2-9.vcxproj", "{17DBEB02-2DF6-40E8-8A8E-BE2680E61BB2}"
EndProject
Project("{8BC9CEB8-8B4A-11D0-8D11-00A0C91BC942}") = "ex2-10", "ex2-10\ex2-10.vcxproj", "{EF5E6266-AA63-4A1C-A557-72E9005F7072}"
EndProject
Project("{8BC9CEB8-8B4A-11D0-8D11-00A0C91BC942}") = "ex2-11", "ex2-11\ex2-11.vcxproj", "{93D53BDF-5FA4-4409-B9A3-38F8CEB225C2}"
EndProject
Project("{8BC9CEB8-8B4A-11D0-8D11-00A0C91BC942}") = "ex2-12", "ex2-12\ex2-12.vcxproj", "{EC7892B8-5694-4188-A32E-02DDD4BDE343}"
EndProject
Project("{8BC9CEB8-8B4A-11D0-8D11-00A0C91BC942}") = "ex2-13", "ex2-13\ex2-13.vcxproj", "{E1F03F63-D1A2-4E03-9D52-9BEA92D5D371}"
EndProject
Project("{8BC9CEB8-8B4A-11D0-8D11-00A0C91BC942}") = "ex2-14", "ex2-14\ex2-14.vcxproj", "{CCB567C6-EC51-46A7-9144-8E1B069C2180}"
EndProject
Project("{8BC9CEB8-8B4A-11D0-8D11-00A0C91BC942}") = "ex2-15", "ex2-15\ex2-15.vcxproj", "{969BF017-16A2-4057-9D7F-4E566257A0DA}"
EndProject
Project("{8BC9CEB8-8B4A-11D0-8D11-00A0C91BC942}") = "ex2-16", "ex2-16\ex2-16.vcxproj", "{3BC7DB99-B92D-4053-8D88-89BE7C4122EC}"
EndProject
Project("{8BC9CEB8-8B4A-11D0-8D11-00A0C91BC942}") = "ex2-17", "ex2-17\ex2-17.vcxproj", "{E3EE0447-4EC2-4800-B2D4-4E93BB7B2DA8}"
EndProject
Project("{8BC9CEB8-8B4A-11D0-8D11-00A0C91BC942}") = "ex2-18", "ex2-18\ex2-18.vcxproj", "{88C0E589-76DF-4777-AE97-E94CEE84435E}"
EndProject
Project("{8BC9CEB8-8B4A-11D0-8D11-00A0C91BC942}") = "ex2-19", "ex2-19\ex2-19.vcxproj", "{16BDD030-FE61-4540-B1B5-86771C84ED55}"
EndProject
Project("{8BC9CEB8-8B4A-11D0-8D11-00A0C91BC942}") = "ex2-20", "ex2-20\ex2-20.vcxproj", "{E0B0F3C4-404C-4A5E-875F-0A1DC6314D2E}"
EndProject
Project("{8BC9CEB8-8B4A-11D0-8D11-00A0C91BC942}") = "ex2-21", "ex2-21\ex2-21.vcxproj", "{2527E3F0-31C8-469C-B084-EF92018164EF}"
EndProject
Project("{8BC9CEB8-8B4A-11D0-8D11-00A0C91BC942}") = "ex2-22", "ex2-22\ex2-22.vcxproj", "{BFD5B66B-1917-422F-8BF2-27604E1C3DE4}"
EndProject
Project("{8BC9CEB8-8B4A-11D0-8D11-00A0C91BC942}") = "ex2-23", "ex2-23\ex2-23.vcxproj", "{3EFED15F-5C19-4D3D-9124-0099F321FBB3}"
EndProject
Project("{8BC9CEB8-8B4A-11D0-8D11-00A0C91BC942}") = "ex2-24", "ex2-24\ex2-24.vcxproj", "{0C479DEF-9DBF-42C5-8062-D85FA1512970}"
EndProject
Project("{8BC9CEB8-8B4A-11D0-8D11-00A0C91BC942}") = "ex2-25", "ex2-25\ex2-25.vcxproj", "{46356A0A-F193-4036-B645-33246C5D5E27}"
EndProject
Project("{8BC9CEB8-8B4A-11D0-8D11-00A0C91BC942}") = "2201081023_나베", "2201081023_나베\2201081023_나베.vcxproj", "{73F6FAD1-E646-4C24-9C6D-FD117E0217B7}"
EndProject
Project("{8BC9CEB8-8B4A-11D0-8D11-00A0C91BC942}") = "ex3-1", "ex3-1\ex3-1.vcxproj", "{B9E47281-5A46-4581-8E72-4C615903A82E}"
EndProject
Project("{8BC9CEB8-8B4A-11D0-8D11-00A0C91BC942}") = "ex3-2", "ex3-2\ex3-2.vcxproj", "{38BE7CF7-42E5-411E-9280-23286B70BA6A}"
EndProject
Project("{8BC9CEB8-8B4A-11D0-8D11-00A0C91BC942}") = "ex3-3", "ex3-3\ex3-3.vcxproj", "{1DD7BDEF-4C8B-4A08-822B-9B3991F01E52}"
EndProject
Project("{8BC9CEB8-8B4A-11D0-8D11-00A0C91BC942}") = "ex3-4", "ex3-4\ex3-4.vcxproj", "{BB585CB1-EB4B-4C80-918B-728C5D98E1D3}"
EndProject
Project("{8BC9CEB8-8B4A-11D0-8D11-00A0C91BC942}") = "ex3-5", "ex3-5\ex3-5.vcxproj", "{5F7C8183-E3D2-4EBF-9CF0-40D658B5CFE9}"
EndProject
Project("{8BC9CEB8-8B4A-11D0-8D11-00A0C91BC942}") = "ex3-6", "ex3-6\ex3-6.vcxproj", "{37D4D1D6-3782-4BA5-9752-F597D5B0C0D5}"
EndProject
Global
	GlobalSection(SolutionConfigurationPlatforms) = preSolution
		Debug|Win32 = Debug|Win32
		Release|Win32 = Release|Win32
	EndGlobalSection
	GlobalSection(ProjectConfigurationPlatforms) = postSolution
		{F7EE649F-EA3F-4935-B70C-AB25154786B2}.Debug|Win32.ActiveCfg = Debug|Win32
		{F7EE649F-EA3F-4935-B70C-AB25154786B2}.Debug|Win32.Build.0 = Debug|Win32
		{F7EE649F-EA3F-4935-B70C-AB25154786B2}.Release|Win32.ActiveCfg = Release|Win32
		{F7EE649F-EA3F-4935-B70C-AB25154786B2}.Release|Win32.Build.0 = Release|Win32
		{65033921-DD1E-40C4-94F5-C8A87A6F3DD6}.Debug|Win32.ActiveCfg = Debug|Win32
		{65033921-DD1E-40C4-94F5-C8A87A6F3DD6}.Debug|Win32.Build.0 = Debug|Win32
		{65033921-DD1E-40C4-94F5-C8A87A6F3DD6}.Release|Win32.ActiveCfg = Release|Win32
		{65033921-DD1E-40C4-94F5-C8A87A6F3DD6}.Release|Win32.Build.0 = Release|Win32
		{8E2D43E9-191A-4915-84D4-D511A8586BA7}.Debug|Win32.ActiveCfg = Debug|Win32
		{8E2D43E9-191A-4915-84D4-D511A8586BA7}.Debug|Win32.Build.0 = Debug|Win32
		{8E2D43E9-191A-4915-84D4-D511A8586BA7}.Release|Win32.ActiveCfg = Release|Win32
		{8E2D43E9-191A-4915-84D4-D511A8586BA7}.Release|Win32.Build.0 = Release|Win32
		{B4187DB4-2AA7-4283-8D95-82CF98D371BE}.Debug|Win32.ActiveCfg = Debug|Win32
		{B4187DB4-2AA7-4283-8D95-82CF98D371BE}.Debug|Win32.Build.0 = Debug|Win32
		{B4187DB4-2AA7-4283-8D95-82CF98D371BE}.Release|Win32.ActiveCfg = Release|Win32
		{B4187DB4-2AA7-4283-8D95-82CF98D371BE}.Release|Win32.Build.0 = Release|Win32
		{DFDB0440-A089-405E-8203-BE6E21D88571}.Debug|Win32.ActiveCfg = Debug|Win32
		{DFDB0440-A089-405E-8203-BE6E21D88571}.Debug|Win32.Build.0 = Debug|Win32
		{DFDB0440-A089-405E-8203-BE6E21D88571}.Release|Win32.ActiveCfg = Release|Win32
		{DFDB0440-A089-405E-8203-BE6E21D88571}.Release|Win32.Build.0 = Release|Win32
		{696A7650-F891-4B0D-94E3-E277C278294B}.Debug|Win32.ActiveCfg = Debug|Win32
		{696A7650-F891-4B0D-94E3-E277C278294B}.Debug|Win32.Build.0 = Debug|Win32
		{696A7650-F891-4B0D-94E3-E277C278294B}.Release|Win32.ActiveCfg = Release|Win32
		{696A7650-F891-4B0D-94E3-E277C278294B}.Release|Win32.Build.0 = Release|Win32
		{214BE949-B944-4523-AF27-837343EADC0B}.Debug|Win32.ActiveCfg = Debug|Win32
		{214BE949-B944-4523-AF27-837343EADC0B}.Debug|Win32.Build.0 = Debug|Win32
		{214BE949-B944-4523-AF27-837343EADC0B}.Release|Win32.ActiveCfg = Release|Win32
		{214BE949-B944-4523-AF27-837343EADC0B}.Release|Win32.Build.0 = Release|Win32
		{D03C5A94-EC5D-4883-ACBD-DA13D0885402}.Debug|Win32.ActiveCfg = Debug|Win32
		{D03C5A94-EC5D-4883-ACBD-DA13D0885402}.Debug|Win32.Build.0 = Debug|Win32
		{D03C5A94-EC5D-4883-ACBD-DA13D0885402}.Release|Win32.ActiveCfg = Release|Win32
		{D03C5A94-EC5D-4883-ACBD-DA13D0885402}.Release|Win32.Build.0 = Release|Win32
		{B3725047-F86F-450A-BA3A-19CC43933F4B}.Debug|Win32.ActiveCfg = Debug|Win32
		{B3725047-F86F-450A-BA3A-19CC43933F4B}.Debug|Win32.Build.0 = Debug|Win32
		{B3725047-F86F-450A-BA3A-19CC43933F4B}.Release|Win32.ActiveCfg = Release|Win32
		{B3725047-F86F-450A-BA3A-19CC43933F4B}.Release|Win32.Build.0 = Release|Win32
		{E5F7A325-F1FA-4D2C-8C71-2C8B51673C2C}.Debug|Win32.ActiveCfg = Debug|Win32
		{E5F7A325-F1FA-4D2C-8C71-2C8B51673C2C}.Debug|Win32.Build.0 = Debug|Win32
		{E5F7A325-F1FA-4D2C-8C71-2C8B51673C2C}.Release|Win32.ActiveCfg = Release|Win32
		{E5F7A325-F1FA-4D2C-8C71-2C8B51673C2C}.Release|Win32.Build.0 = Release|Win32
		{D986FAF8-42F5-4C1F-8F7B-BCE2F3AAC5F1}.Debug|Win32.ActiveCfg = Debug|Win32
		{D986FAF8-42F5-4C1F-8F7B-BCE2F3AAC5F1}.Debug|Win32.Build.0 = Debug|Win32
		{D986FAF8-42F5-4C1F-8F7B-BCE2F3AAC5F1}.Release|Win32.ActiveCfg = Release|Win32
		{D986FAF8-42F5-4C1F-8F7B-BCE2F3AAC5F1}.Release|Win32.Build.0 = Release|Win32
		{33225674-98F6-4B17-AD16-7AD4529FB449}.Debug|Win32.ActiveCfg = Debug|Win32
		{33225674-98F6-4B17-AD16-7AD4529FB449}.Debug|Win32.Build.0 = Debug|Win32
		{33225674-98F6-4B17-AD16-7AD4529FB449}.Release|Win32.ActiveCfg = Release|Win32
		{33225674-98F6-4B17-AD16-7AD4529FB449}.Release|Win32.Build.0 = Release|Win32
		{5B304656-7875-4BF3-9D34-542BE6D27D0E}.Debug|Win32.ActiveCfg = Debug|Win32
		{5B304656-7875-4BF3-9D34-542BE6D27D0E}.Debug|Win32.Build.0 = Debug|Win32
		{5B304656-7875-4BF3-9D34-542BE6D27D0E}.Release|Win32.ActiveCfg = Release|Win32
		{5B304656-7875-4BF3-9D34-542BE6D27D0E}.Release|Win32.Build.0 = Release|Win32
		{4E566AA8-69F2-4EFC-ABBE-E6532C2817CE}.Debug|Win32.ActiveCfg = Debug|Win32
		{4E566AA8-69F2-4EFC-ABBE-E6532C2817CE}.Debug|Win32.Build.0 = Debug|Win32
		{4E566AA8-69F2-4EFC-ABBE-E6532C2817CE}.Release|Win32.ActiveCfg = Release|Win32
		{4E566AA8-69F2-4EFC-ABBE-E6532C2817CE}.Release|Win32.Build.0 = Release|Win32
		{DE5AF388-0B8D-46E5-BBA7-B74B7CD32729}.Debug|Win32.ActiveCfg = Debug|Win32
		{DE5AF388-0B8D-46E5-BBA7-B74B7CD32729}.Debug|Win32.Build.0 = Debug|Win32
		{DE5AF388-0B8D-46E5-BBA7-B74B7CD32729}.Release|Win32.ActiveCfg = Release|Win32
		{DE5AF388-0B8D-46E5-BBA7-B74B7CD32729}.Release|Win32.Build.0 = Release|Win32
		{C5A62330-3F66-4112-828E-4F54195F9F66}.Debug|Win32.ActiveCfg = Debug|Win32
		{C5A62330-3F66-4112-828E-4F54195F9F66}.Debug|Win32.Build.0 = Debug|Win32
		{C5A62330-3F66-4112-828E-4F54195F9F66}.Release|Win32.ActiveCfg = Release|Win32
		{C5A62330-3F66-4112-828E-4F54195F9F66}.Release|Win32.Build.0 = Release|Win32
		{2C23DB64-E158-4BEB-8865-D05426F2FC2E}.Debug|Win32.ActiveCfg = Debug|Win32
		{2C23DB64-E158-4BEB-8865-D05426F2FC2E}.Debug|Win32.Build.0 = Debug|Win32
		{2C23DB64-E158-4BEB-8865-D05426F2FC2E}.Release|Win32.ActiveCfg = Release|Win32
		{2C23DB64-E158-4BEB-8865-D05426F2FC2E}.Release|Win32.Build.0 = Release|Win32
		{17DBEB02-2DF6-40E8-8A8E-BE2680E61BB2}.Debug|Win32.ActiveCfg = Debug|Win32
		{17DBEB02-2DF6-40E8-8A8E-BE2680E61BB2}.Debug|Win32.Build.0 = Debug|Win32
		{17DBEB02-2DF6-40E8-8A8E-BE2680E61BB2}.Release|Win32.ActiveCfg = Release|Win32
		{17DBEB02-2DF6-40E8-8A8E-BE2680E61BB2}.Release|Win32.Build.0 = Release|Win32
		{EF5E6266-AA63-4A1C-A557-72E9005F7072}.Debug|Win32.ActiveCfg = Debug|Win32
		{EF5E6266-AA63-4A1C-A557-72E9005F7072}.Debug|Win32.Build.0 = Debug|Win32
		{EF5E6266-AA63-4A1C-A557-72E9005F7072}.Release|Win32.ActiveCfg = Release|Win32
		{EF5E6266-AA63-4A1C-A557-72E9005F7072}.Release|Win32.Build.0 = Release|Win32
		{93D53BDF-5FA4-4409-B9A3-38F8CEB225C2}.Debug|Win32.ActiveCfg = Debug|Win32
		{93D53BDF-5FA4-4409-B9A3-38F8CEB225C2}.Debug|Win32.Build.0 = Debug|Win32
		{93D53BDF-5FA4-4409-B9A3-38F8CEB225C2}.Release|Win32.ActiveCfg = Release|Win32
		{93D53BDF-5FA4-4409-B9A3-38F8CEB225C2}.Release|Win32.Build.0 = Release|Win32
		{EC7892B8-5694-4188-A32E-02DDD4BDE343}.Debug|Win32.ActiveCfg = Debug|Win32
		{EC7892B8-5694-4188-A32E-02DDD4BDE343}.Debug|Win32.Build.0 = Debug|Win32
		{EC7892B8-5694-4188-A32E-02DDD4BDE343}.Release|Win32.ActiveCfg = Release|Win32
		{EC7892B8-5694-4188-A32E-02DDD4BDE343}.Release|Win32.Build.0 = Release|Win32
		{E1F03F63-D1A2-4E03-9D52-9BEA92D5D371}.Debug|Win32.ActiveCfg = Debug|Win32
		{E1F03F63-D1A2-4E03-9D52-9BEA92D5D371}.Debug|Win32.Build.0 = Debug|Win32
		{E1F03F63-D1A2-4E03-9D52-9BEA92D5D371}.Release|Win32.ActiveCfg = Release|Win32
		{E1F03F63-D1A2-4E03-9D52-9BEA92D5D371}.Release|Win32.Build.0 = Release|Win32
		{CCB567C6-EC51-46A7-9144-8E1B069C2180}.Debug|Win32.ActiveCfg = Debug|Win32
		{CCB567C6-EC51-46A7-9144-8E1B069C2180}.Debug|Win32.Build.0 = Debug|Win32
		{CCB567C6-EC51-46A7-9144-8E1B069C2180}.Release|Win32.ActiveCfg = Release|Win32
		{CCB567C6-EC51-46A7-9144-8E1B069C2180}.Release|Win32.Build.0 = Release|Win32
		{969BF017-16A2-4057-9D7F-4E566257A0DA}.Debug|Win32.ActiveCfg = Debug|Win32
		{969BF017-16A2-4057-9D7F-4E566257A0DA}.Debug|Win32.Build.0 = Debug|Win32
		{969BF017-16A2-4057-9D7F-4E566257A0DA}.Release|Win32.ActiveCfg = Release|Win32
		{969BF017-16A2-4057-9D7F-4E566257A0DA}.Release|Win32.Build.0 = Release|Win32
		{3BC7DB99-B92D-4053-8D88-89BE7C4122EC}.Debug|Win32.ActiveCfg = Debug|Win32
		{3BC7DB99-B92D-4053-8D88-89BE7C4122EC}.Debug|Win32.Build.0 = Debug|Win32
		{3BC7DB99-B92D-4053-8D88-89BE7C4122EC}.Release|Win32.ActiveCfg = Release|Win32
		{3BC7DB99-B92D-4053-8D88-89BE7C4122EC}.Release|Win32.Build.0 = Release|Win32
		{E3EE0447-4EC2-4800-B2D4-4E93BB7B2DA8}.Debug|Win32.ActiveCfg = Debug|Win32
		{E3EE0447-4EC2-4800-B2D4-4E93BB7B2DA8}.Debug|Win32.Build.0 = Debug|Win32
		{E3EE0447-4EC2-4800-B2D4-4E93BB7B2DA8}.Release|Win32.ActiveCfg = Release|Win32
		{E3EE0447-4EC2-4800-B2D4-4E93BB7B2DA8}.Release|Win32.Build.0 = Release|Win32
		{88C0E589-76DF-4777-AE97-E94CEE84435E}.Debug|Win32.ActiveCfg = Debug|Win32
		{88C0E589-76DF-4777-AE97-E94CEE84435E}.Debug|Win32.Build.0 = Debug|Win32
		{88C0E589-76DF-4777-AE97-E94CEE84435E}.Release|Win32.ActiveCfg = Release|Win32
		{88C0E589-76DF-4777-AE97-E94CEE84435E}.Release|Win32.Build.0 = Release|Win32
		{16BDD030-FE61-4540-B1B5-86771C84ED55}.Debug|Win32.ActiveCfg = Debug|Win32
		{16BDD030-FE61-4540-B1B5-86771C84ED55}.Debug|Win32.Build.0 = Debug|Win32
		{16BDD030-FE61-4540-B1B5-86771C84ED55}.Release|Win32.ActiveCfg = Release|Win32
		{16BDD030-FE61-4540-B1B5-86771C84ED55}.Release|Win32.Build.0 = Release|Win32
		{E0B0F3C4-404C-4A5E-875F-0A1DC6314D2E}.Debug|Win32.ActiveCfg = Debug|Win32
		{E0B0F3C4-404C-4A5E-875F-0A1DC6314D2E}.Debug|Win32.Build.0 = Debug|Win32
		{E0B0F3C4-404C-4A5E-875F-0A1DC6314D2E}.Release|Win32.ActiveCfg = Release|Win32
		{E0B0F3C4-404C-4A5E-875F-0A1DC6314D2E}.Release|Win32.Build.0 = Release|Win32
		{2527E3F0-31C8-469C-B084-EF92018164EF}.Debug|Win32.ActiveCfg = Debug|Win32
		{2527E3F0-31C8-469C-B084-EF92018164EF}.Debug|Win32.Build.0 = Debug|Win32
		{2527E3F0-31C8-469C-B084-EF92018164EF}.Release|Win32.ActiveCfg = Release|Win32
		{2527E3F0-31C8-469C-B084-EF92018164EF}.Release|Win32.Build.0 = Release|Win32
		{BFD5B66B-1917-422F-8BF2-27604E1C3DE4}.Debug|Win32.ActiveCfg = Debug|Win32
		{BFD5B66B-1917-422F-8BF2-27604E1C3DE4}.Debug|Win32.Build.0 = Debug|Win32
		{BFD5B66B-1917-422F-8BF2-27604E1C3DE4}.Release|Win32.ActiveCfg = Release|Win32
		{BFD5B66B-1917-422F-8BF2-27604E1C3DE4}.Release|Win32.Build.0 = Release|Win32
		{3EFED15F-5C19-4D3D-9124-0099F321FBB3}.Debug|Win32.ActiveCfg = Debug|Win32
		{3EFED15F-5C19-4D3D-9124-0099F321FBB3}.Debug|Win32.Build.0 = Debug|Win32
		{3EFED15F-5C19-4D3D-9124-0099F321FBB3}.Release|Win32.ActiveCfg = Release|Win32
		{3EFED15F-5C19-4D3D-9124-0099F321FBB3}.Release|Win32.Build.0 = Release|Win32
		{0C479DEF-9DBF-42C5-8062-D85FA1512970}.Debug|Win32.ActiveCfg = Debug|Win32
		{0C479DEF-9DBF-42C5-8062-D85FA1512970}.Debug|Win32.Build.0 = Debug|Win32
		{0C479DEF-9DBF-42C5-8062-D85FA1512970}.Release|Win32.ActiveCfg = Release|Win32
		{0C479DEF-9DBF-42C5-8062-D85FA1512970}.Release|Win32.Build.0 = Release|Win32
		{46356A0A-F193-4036-B645-33246C5D5E27}.Debug|Win32.ActiveCfg = Debug|Win32
		{46356A0A-F193-4036-B645-33246C5D5E27}.Debug|Win32.Build.0 = Debug|Win32
		{46356A0A-F193-4036-B645-33246C5D5E27}.Release|Win32.ActiveCfg = Release|Win32
		{46356A0A-F193-4036-B645-33246C5D5E27}.Release|Win32.Build.0 = Release|Win32
		{73F6FAD1-E646-4C24-9C6D-FD117E0217B7}.Debug|Win32.ActiveCfg = Debug|Win32
		{73F6FAD1-E646-4C24-9C6D-FD117E0217B7}.Debug|Win32.Build.0 = Debug|Win32
		{73F6FAD1-E646-4C24-9C6D-FD117E0217B7}.Release|Win32.ActiveCfg = Release|Win32
		{73F6FAD1-E646-4C24-9C6D-FD117E0217B7}.Release|Win32.Build.0 = Release|Win32
		{B9E47281-5A46-4581-8E72-4C615903A82E}.Debug|Win32.ActiveCfg = Debug|Win32
		{B9E47281-5A46-4581-8E72-4C615903A82E}.Debug|Win32.Build.0 = Debug|Win32
		{B9E47281-5A46-4581-8E72-4C615903A82E}.Release|Win32.ActiveCfg = Release|Win32
		{B9E47281-5A46-4581-8E72-4C615903A82E}.Release|Win32.Build.0 = Release|Win32
		{38BE7CF7-42E5-411E-9280-23286B70BA6A}.Debug|Win32.ActiveCfg = Debug|Win32
		{38BE7CF7-42E5-411E-9280-23286B70BA6A}.Debug|Win32.Build.0 = Debug|Win32
		{38BE7CF7-42E5-411E-9280-23286B70BA6A}.Release|Win32.ActiveCfg = Release|Win32
		{38BE7CF7-42E5-411E-9280-23286B70BA6A}.Release|Win32.Build.0 = Release|Win32
		{1DD7BDEF-4C8B-4A08-822B-9B3991F01E52}.Debug|Win32.ActiveCfg = Debug|Win32
		{1DD7BDEF-4C8B-4A08-822B-9B3991F01E52}.Debug|Win32.Build.0 = Debug|Win32
		{1DD7BDEF-4C8B-4A08-822B-9B3991F01E52}.Release|Win32.ActiveCfg = Release|Win32
		{1DD7BDEF-4C8B-4A08-822B-9B3991F01E52}.Release|Win32.Build.0 = Release|Win32
		{BB585CB1-EB4B-4C80-918B-728C5D98E1D3}.Debug|Win32.ActiveCfg = Debug|Win32
		{BB585CB1-EB4B-4C80-918B-728C5D98E1D3}.Debug|Win32.Build.0 = Debug|Win32
		{BB585CB1-EB4B-4C80-918B-728C5D98E1D3}.Release|Win32.ActiveCfg = Release|Win32
		{BB585CB1-EB4B-4C80-918B-728C5D98E1D3}.Release|Win32.Build.0 = Release|Win32
		{5F7C8183-E3D2-4EBF-9CF0-40D658B5CFE9}.Debug|Win32.ActiveCfg = Debug|Win32
		{5F7C8183-E3D2-4EBF-9CF0-40D658B5CFE9}.Debug|Win32.Build.0 = Debug|Win32
		{5F7C8183-E3D2-4EBF-9CF0-40D658B5CFE9}.Release|Win32.ActiveCfg = Release|Win32
		{5F7C8183-E3D2-4EBF-9CF0-40D658B5CFE9}.Release|Win32.Build.0 = Release|Win32
		{37D4D1D6-3782-4BA5-9752-F597D5B0C0D5}.Debug|Win32.ActiveCfg = Debug|Win32
		{37D4D1D6-3782-4BA5-9752-F597D5B0C0D5}.Debug|Win32.Build.0 = Debug|Win32
		{37D4D1D6-3782-4BA5-9752-F597D5B0C0D5}.Release|Win32.ActiveCfg = Release|Win32
		{37D4D1D6-3782-4BA5-9752-F597D5B0C0D5}.Release|Win32.Build.0 = Release|Win32
	EndGlobalSection
	GlobalSection(SolutionProperties) = preSolution
		HideSolutionNode = FALSE
	EndGlobalSection
EndGlobal
