
Microsoft Visual Studio Solution File, Format Version 12.00
# Visual Studio Express 2012 for Windows Desktop
Project("{8BC9CEB8-8B4A-11D0-8D11-00A0C91BC942}") = "20181002_치킨", "20181002_치킨\20181002_치킨.vcxproj", "{F7EE649F-EA3F-4935-B70C-AB25154786B2}"
EndProject
Project("{8BC9CEB8-8B4A-11D0-8D11-00A0C91BC942}") = "20181002_파스타", "20181002_파스타\20181002_파스타.vcxproj", "{65033921-DD1E-40C4-94F5-C8A87A6F3DD6}"
EndProject
Project("{8BC9CEB8-8B4A-11D0-8D11-00A0C91BC942}") = "ex1-1", "ex1-1\ex1-1.vcxproj", "{8E2D43E9-191A-4915-84D4-D511A8586BA7}"
EndProject
Project("{8BC9CEB8-8B4A-11D0-8D11-00A0C91BC942}") = "ex1-2", "ex1-2\ex1-2.vcxproj", "{B4187DB4-2AA7-4283-8D95-82CF98D371BE}"
EndProject
Project("{8BC9CEB8-8B4A-11D0-8D11-00A0C91BC942}") = "ex1-3", "ex1-3\ex1-3.vcxproj", "{DFDB0440-A089-405E-8203-BE6E21D88571}"
EndProject
Project("{8BC9CEB8-8B4A-11D0-8D11-00A0C91BC942}") = "ex1-4", "ex1-4\ex1-4.vcxproj", "{696A7650-F891-4B0D-94E3-E277C278294B}"
EndProject
Project("{8BC9CEB8-8B4A-11D0-8D11-00A0C91BC942}") = "ex1-5", "ex1-5\ex1-5.vcxproj", "{214BE949-B944-4523-AF27-837343EADC0B}"
EndProject
Project("{8BC9CEB8-8B4A-11D0-8D11-00A0C91BC942}") = "ex1-6", "ex1-6\ex1-6.vcxproj", "{D03C5A94-EC5D-4883-ACBD-DA13D0885402}"
EndProject
Global
	GlobalSection(SolutionConfigurationPlatforms) = preSolution
		Debug|Win32 = Debug|Win32
		Release|Win32 = Release|Win32
	EndGlobalSection
	GlobalSection(ProjectConfigurationPlatforms) = postSolution
		{F7EE649F-EA3F-4935-B70C-AB25154786B2}.Debug|Win32.ActiveCfg = Debug|Win32
		{F7EE649F-EA3F-4935-B70C-AB25154786B2}.Debug|Win32.Build.0 = Debug|Win32
		{F7EE649F-EA3F-4935-B70C-AB25154786B2}.Release|Win32.ActiveCfg = Release|Win32
		{F7EE649F-EA3F-4935-B70C-AB25154786B2}.Release|Win32.Build.0 = Release|Win32
		{65033921-DD1E-40C4-94F5-C8A87A6F3DD6}.Debug|Win32.ActiveCfg = Debug|Win32
		{65033921-DD1E-40C4-94F5-C8A87A6F3DD6}.Debug|Win32.Build.0 = Debug|Win32
		{65033921-DD1E-40C4-94F5-C8A87A6F3DD6}.Release|Win32.ActiveCfg = Release|Win32
		{65033921-DD1E-40C4-94F5-C8A87A6F3DD6}.Release|Win32.Build.0 = Release|Win32
		{8E2D43E9-191A-4915-84D4-D511A8586BA7}.Debug|Win32.ActiveCfg = Debug|Win32
		{8E2D43E9-191A-4915-84D4-D511A8586BA7}.Debug|Win32.Build.0 = Debug|Win32
		{8E2D43E9-191A-4915-84D4-D511A8586BA7}.Release|Win32.ActiveCfg = Release|Win32
		{8E2D43E9-191A-4915-84D4-D511A8586BA7}.Release|Win32.Build.0 = Release|Win32
		{B4187DB4-2AA7-4283-8D95-82CF98D371BE}.Debug|Win32.ActiveCfg = Debug|Win32
		{B4187DB4-2AA7-4283-8D95-82CF98D371BE}.Debug|Win32.Build.0 = Debug|Win32
		{B4187DB4-2AA7-4283-8D95-82CF98D371BE}.Release|Win32.ActiveCfg = Release|Win32
		{B4187DB4-2AA7-4283-8D95-82CF98D371BE}.Release|Win32.Build.0 = Release|Win32
		{DFDB0440-A089-405E-8203-BE6E21D88571}.Debug|Win32.ActiveCfg = Debug|Win32
		{DFDB0440-A089-405E-8203-BE6E21D88571}.Debug|Win32.Build.0 = Debug|Win32
		{DFDB0440-A089-405E-8203-BE6E21D88571}.Release|Win32.ActiveCfg = Release|Win32
		{DFDB0440-A089-405E-8203-BE6E21D88571}.Release|Win32.Build.0 = Release|Win32
		{696A7650-F891-4B0D-94E3-E277C278294B}.Debug|Win32.ActiveCfg = Debug|Win32
		{696A7650-F891-4B0D-94E3-E277C278294B}.Debug|Win32.Build.0 = Debug|Win32
		{696A7650-F891-4B0D-94E3-E277C278294B}.Release|Win32.ActiveCfg = Release|Win32
		{696A7650-F891-4B0D-94E3-E277C278294B}.Release|Win32.Build.0 = Release|Win32
		{214BE949-B944-4523-AF27-837343EADC0B}.Debug|Win32.ActiveCfg = Debug|Win32
		{214BE949-B944-4523-AF27-837343EADC0B}.Debug|Win32.Build.0 = Debug|Win32
		{214BE949-B944-4523-AF27-837343EADC0B}.Release|Win32.ActiveCfg = Release|Win32
		{214BE949-B944-4523-AF27-837343EADC0B}.Release|Win32.Build.0 = Release|Win32
		{D03C5A94-EC5D-4883-ACBD-DA13D0885402}.Debug|Win32.ActiveCfg = Debug|Win32
		{D03C5A94-EC5D-4883-ACBD-DA13D0885402}.Debug|Win32.Build.0 = Debug|Win32
		{D03C5A94-EC5D-4883-ACBD-DA13D0885402}.Release|Win32.ActiveCfg = Release|Win32
		{D03C5A94-EC5D-4883-ACBD-DA13D0885402}.Release|Win32.Build.0 = Release|Win32
	EndGlobalSection
	GlobalSection(SolutionProperties) = preSolution
		HideSolutionNode = FALSE
	EndGlobalSection
EndGlobal
